{
	"name": "@starptech/prettyhtml-hast-to-html",
	"version": "0.0.44",
	"lockfileVersion": 1,
	"requires": true,
	"dependencies": {
		"@babel/code-frame": {
			"version": "7.0.0-beta.51",
			"resolved": "https://registry.npmjs.org/@babel/code-frame/-/code-frame-7.0.0-beta.51.tgz",
			"integrity": "sha1-vXHZsZKvl435FYKdOdQJRFZDmgw=",
			"dev": true,
			"requires": {
				"@babel/highlight": "7.0.0-beta.51"
			}
		},
		"@babel/generator": {
			"version": "7.0.0-beta.51",
			"resolved": "https://registry.npmjs.org/@babel/generator/-/generator-7.0.0-beta.51.tgz",
			"integrity": "sha1-bHV1/952HQdIXgS67cA5LG2eMPY=",
			"dev": true,
			"requires": {
				"@babel/types": "7.0.0-beta.51",
				"jsesc": "2.5.1",
				"lodash": "4.17.10",
				"source-map": "0.5.7",
				"trim-right": "1.0.1"
			}
		},
		"@babel/helper-function-name": {
			"version": "7.0.0-beta.51",
			"resolved": "https://registry.npmjs.org/@babel/helper-function-name/-/helper-function-name-7.0.0-beta.51.tgz",
			"integrity": "sha1-IbSHSiJ8+Z7K/MMKkDAtpaJkBWE=",
			"dev": true,
			"requires": {
				"@babel/helper-get-function-arity": "7.0.0-beta.51",
				"@babel/template": "7.0.0-beta.51",
				"@babel/types": "7.0.0-beta.51"
			}
		},
		"@babel/helper-get-function-arity": {
			"version": "7.0.0-beta.51",
			"resolved": "https://registry.npmjs.org/@babel/helper-get-function-arity/-/helper-get-function-arity-7.0.0-beta.51.tgz",
			"integrity": "sha1-MoGy0EWvlcFyzpGyCCXYXqRnZBE=",
			"dev": true,
			"requires": {
				"@babel/types": "7.0.0-beta.51"
			}
		},
		"@babel/helper-split-export-declaration": {
			"version": "7.0.0-beta.51",
			"resolved": "https://registry.npmjs.org/@babel/helper-split-export-declaration/-/helper-split-export-declaration-7.0.0-beta.51.tgz",
			"integrity": "sha1-imw/ZsTSZTUvwHdIT59ugKUauXg=",
			"dev": true,
			"requires": {
				"@babel/types": "7.0.0-beta.51"
			}
		},
		"@babel/highlight": {
			"version": "7.0.0-beta.51",
			"resolved": "https://registry.npmjs.org/@babel/highlight/-/highlight-7.0.0-beta.51.tgz",
			"integrity": "sha1-6IRK4loVlcz9QriWI7Q3bKBtIl0=",
			"dev": true,
			"requires": {
				"chalk": "2.4.1",
				"esutils": "2.0.2",
				"js-tokens": "3.0.2"
			}
		},
		"@babel/parser": {
			"version": "7.0.0-beta.51",
			"resolved": "https://registry.npmjs.org/@babel/parser/-/parser-7.0.0-beta.51.tgz",
			"integrity": "sha1-J87C30Cd9gr1gnDtj2qlVAnqhvY=",
			"dev": true
		},
		"@babel/template": {
			"version": "7.0.0-beta.51",
			"resolved": "https://registry.npmjs.org/@babel/template/-/template-7.0.0-beta.51.tgz",
			"integrity": "sha1-lgKkCuvPNXrpZ34lMu9fyBD1+/8=",
			"dev": true,
			"requires": {
				"@babel/code-frame": "7.0.0-beta.51",
				"@babel/parser": "7.0.0-beta.51",
				"@babel/types": "7.0.0-beta.51",
				"lodash": "4.17.10"
			}
		},
		"@babel/traverse": {
			"version": "7.0.0-beta.51",
			"resolved": "https://registry.npmjs.org/@babel/traverse/-/traverse-7.0.0-beta.51.tgz",
			"integrity": "sha1-mB2vLOw0emIx06odnhgDsDqqpKg=",
			"dev": true,
			"requires": {
				"@babel/code-frame": "7.0.0-beta.51",
				"@babel/generator": "7.0.0-beta.51",
				"@babel/helper-function-name": "7.0.0-beta.51",
				"@babel/helper-split-export-declaration": "7.0.0-beta.51",
				"@babel/parser": "7.0.0-beta.51",
				"@babel/types": "7.0.0-beta.51",
				"debug": "3.1.0",
				"globals": "11.7.0",
				"invariant": "2.2.4",
				"lodash": "4.17.10"
			}
		},
		"@babel/types": {
			"version": "7.0.0-beta.51",
			"resolved": "https://registry.npmjs.org/@babel/types/-/types-7.0.0-beta.51.tgz",
			"integrity": "sha1-2AK3tUO1g2x3iqaReXq/APPZfqk=",
			"dev": true,
			"requires": {
				"esutils": "2.0.2",
				"lodash": "4.17.10",
				"to-fast-properties": "2.0.0"
			}
		},
		"ansi-styles": {
			"version": "3.2.1",
			"resolved": "https://registry.npmjs.org/ansi-styles/-/ansi-styles-3.2.1.tgz",
			"integrity": "sha512-VT0ZI6kZRdTh8YyJw3SMbYm/u+NqfsAxEpWO0Pf9sq8/e94WxxOpPKx9FR1FlyCtOVDNOQ+8ntlqFxiRc+r5qA==",
			"dev": true,
			"requires": {
				"color-convert": "1.9.3"
			}
		},
		"balanced-match": {
			"version": "1.0.0",
			"resolved": "https://registry.npmjs.org/balanced-match/-/balanced-match-1.0.0.tgz",
			"integrity": "sha1-ibTRmasr7kneFk6gK4nORi1xt2c=",
			"dev": true
		},
		"brace-expansion": {
			"version": "1.1.11",
			"resolved": "https://registry.npmjs.org/brace-expansion/-/brace-expansion-1.1.11.tgz",
			"integrity": "sha512-iCuPHDFgrHX7H2vEI/5xpz07zSHB00TpugqhmYtVmMO6518mCuRMoOYFldEBl0g187ufozdaHgWKcYFb61qGiA==",
			"dev": true,
			"requires": {
				"balanced-match": "1.0.0",
				"concat-map": "0.0.1"
			}
		},
		"ccount": {
			"version": "1.0.3",
			"resolved": "https://registry.npmjs.org/ccount/-/ccount-1.0.3.tgz",
			"integrity": "sha512-Jt9tIBkRc9POUof7QA/VwWd+58fKkEEfI+/t1/eOlxKM7ZhrczNzMFefge7Ai+39y1pR/pP6cI19guHy3FSLmw=="
		},
		"chalk": {
			"version": "2.4.1",
			"resolved": "https://registry.npmjs.org/chalk/-/chalk-2.4.1.tgz",
			"integrity": "sha512-ObN6h1v2fTJSmUXoS3nMQ92LbDK9be4TV+6G+omQlGJFdcUX5heKi1LZ1YnRMIgwTLEj3E24bT6tYni50rlCfQ==",
			"dev": true,
			"requires": {
				"ansi-styles": "3.2.1",
				"escape-string-regexp": "1.0.5",
				"supports-color": "5.5.0"
			}
		},
		"character-entities-html4": {
			"version": "1.1.2",
			"resolved": "https://registry.npmjs.org/character-entities-html4/-/character-entities-html4-1.1.2.tgz",
			"integrity": "sha512-sIrXwyna2+5b0eB9W149izTPJk/KkJTg6mEzDGibwBUkyH1SbDa+nf515Ppdi3MaH35lW0JFJDWeq9Luzes1Iw=="
		},
		"character-entities-legacy": {
			"version": "1.1.2",
			"resolved": "https://registry.npmjs.org/character-entities-legacy/-/character-entities-legacy-1.1.2.tgz",
			"integrity": "sha512-9NB2VbXtXYWdXzqrvAHykE/f0QJxzaKIpZ5QzNZrrgQ7Iyxr2vnfS8fCBNVW9nUEZE0lo57nxKRqnzY/dKrwlA=="
		},
		"color-convert": {
			"version": "1.9.3",
			"resolved": "https://registry.npmjs.org/color-convert/-/color-convert-1.9.3.tgz",
			"integrity": "sha512-QfAUtd+vFdAtFQcC8CCyYt1fYWxSqAiK2cSD6zDB8N3cpsEBAvRxp9zOGg6G/SHHJYAT88/az/IuDGALsNVbGg==",
			"dev": true,
			"requires": {
				"color-name": "1.1.3"
			}
		},
		"color-name": {
			"version": "1.1.3",
			"resolved": "https://registry.npmjs.org/color-name/-/color-name-1.1.3.tgz",
			"integrity": "sha1-p9BVi9icQveV3UIyj3QIMcpTvCU=",
			"dev": true
		},
		"comma-separated-tokens": {
			"version": "1.0.5",
			"resolved": "https://registry.npmjs.org/comma-separated-tokens/-/comma-separated-tokens-1.0.5.tgz",
			"integrity": "sha512-Cg90/fcK93n0ecgYTAz1jaA3zvnQ0ExlmKY1rdbyHqAx6BHxwoJc+J7HDu0iuQ7ixEs1qaa+WyQ6oeuBpYP1iA==",
			"requires": {
				"trim": "0.0.1"
			}
		},
		"concat-map": {
			"version": "0.0.1",
			"resolved": "https://registry.npmjs.org/concat-map/-/concat-map-0.0.1.tgz",
			"integrity": "sha1-2Klr13/Wjfd5OnMDajug1UBdR3s=",
			"dev": true
		},
		"debug": {
			"version": "3.1.0",
			"resolved": "https://registry.npmjs.org/debug/-/debug-3.1.0.tgz",
			"integrity": "sha512-OX8XqP7/1a9cqkxYw2yXss15f26NKWBpDXQd0/uK/KPqdQhxbPa994hnzjcE2VqQpDslf55723cKPUOGSmMY3g==",
			"dev": true,
			"requires": {
				"ms": "2.0.0"
			}
		},
		"deep-equal": {
			"version": "1.0.1",
			"resolved": "https://registry.npmjs.org/deep-equal/-/deep-equal-1.0.1.tgz",
			"integrity": "sha1-9dJgKStmDghO/0zbyfCK0yR0SLU=",
			"dev": true
		},
		"define-properties": {
			"version": "1.1.2",
			"resolved": "https://registry.npmjs.org/define-properties/-/define-properties-1.1.2.tgz",
			"integrity": "sha1-g6c/L+pWmJj7c3GTyPhzyvbUXJQ=",
			"dev": true,
			"requires": {
				"foreach": "2.0.5",
				"object-keys": "1.0.12"
			}
		},
		"defined": {
			"version": "1.0.0",
			"resolved": "https://registry.npmjs.org/defined/-/defined-1.0.0.tgz",
			"integrity": "sha1-yY2bzvdWdBiOEQlpFRGZ45sfppM=",
			"dev": true
		},
		"es-abstract": {
			"version": "1.12.0",
			"resolved": "https://registry.npmjs.org/es-abstract/-/es-abstract-1.12.0.tgz",
			"integrity": "sha512-C8Fx/0jFmV5IPoMOFPA9P9G5NtqW+4cOPit3MIuvR2t7Ag2K15EJTpxnHAYTzL+aYQJIESYeXZmDBfOBE1HcpA==",
			"dev": true,
			"requires": {
				"es-to-primitive": "1.1.1",
				"function-bind": "1.1.1",
				"has": "1.0.3",
				"is-callable": "1.1.4",
				"is-regex": "1.0.4"
			}
		},
		"es-to-primitive": {
			"version": "1.1.1",
			"resolved": "https://registry.npmjs.org/es-to-primitive/-/es-to-primitive-1.1.1.tgz",
			"integrity": "sha1-RTVSSKiJeQNLZ5Lhm7gfK3l13Q0=",
			"dev": true,
			"requires": {
				"is-callable": "1.1.4",
				"is-date-object": "1.0.1",
				"is-symbol": "1.0.1"
			}
		},
		"escape-string-regexp": {
			"version": "1.0.5",
			"resolved": "https://registry.npmjs.org/escape-string-regexp/-/escape-string-regexp-1.0.5.tgz",
			"integrity": "sha1-G2HAViGQqN/2rjuyzwIAyhMLhtQ=",
			"dev": true
		},
		"esutils": {
			"version": "2.0.2",
			"resolved": "https://registry.npmjs.org/esutils/-/esutils-2.0.2.tgz",
			"integrity": "sha1-Cr9PHKpbyx96nYrMbepPqqBLrJs=",
			"dev": true
		},
		"for-each": {
			"version": "0.3.3",
			"resolved": "https://registry.npmjs.org/for-each/-/for-each-0.3.3.tgz",
			"integrity": "sha512-jqYfLp7mo9vIyQf8ykW2v7A+2N4QjeCeI5+Dz9XraiO1ign81wjiH7Fb9vSOWvQfNtmSa4H2RoQTrrXivdUZmw==",
			"dev": true,
			"requires": {
				"is-callable": "1.1.4"
			}
		},
		"foreach": {
			"version": "2.0.5",
			"resolved": "https://registry.npmjs.org/foreach/-/foreach-2.0.5.tgz",
			"integrity": "sha1-C+4AUBiusmDQo6865ljdATbsG5k=",
			"dev": true
		},
		"fs.realpath": {
			"version": "1.0.0",
			"resolved": "https://registry.npmjs.org/fs.realpath/-/fs.realpath-1.0.0.tgz",
			"integrity": "sha1-FQStJSMVjKpA20onh8sBQRmU6k8=",
			"dev": true
		},
		"function-bind": {
			"version": "1.1.1",
			"resolved": "https://registry.npmjs.org/function-bind/-/function-bind-1.1.1.tgz",
			"integrity": "sha512-yIovAzMX49sF8Yl58fSCWJ5svSLuaibPxXQJFLmBObTuCr0Mf1KiPopGM9NiFjiYBCbfaa2Fh6breQ6ANVTI0A==",
			"dev": true
		},
		"glob": {
			"version": "7.1.2",
			"resolved": "https://registry.npmjs.org/glob/-/glob-7.1.2.tgz",
			"integrity": "sha512-MJTUg1kjuLeQCJ+ccE4Vpa6kKVXkPYJ2mOCQyUuKLcLQsdrMCpBPUi8qVE6+YuaJkozeA9NusTAw3hLr8Xe5EQ==",
			"dev": true,
			"requires": {
				"fs.realpath": "1.0.0",
				"inflight": "1.0.6",
				"inherits": "2.0.3",
				"minimatch": "3.0.4",
				"once": "1.4.0",
				"path-is-absolute": "1.0.1"
			}
		},
		"globals": {
			"version": "11.7.0",
			"resolved": "https://registry.npmjs.org/globals/-/globals-11.7.0.tgz",
			"integrity": "sha512-K8BNSPySfeShBQXsahYB/AbbWruVOTyVpgoIDnl8odPpeSfP2J5QO2oLFFdl2j7GfDCtZj2bMKar2T49itTPCg==",
			"dev": true
		},
		"has": {
			"version": "1.0.3",
			"resolved": "https://registry.npmjs.org/has/-/has-1.0.3.tgz",
			"integrity": "sha512-f2dvO0VU6Oej7RkWJGrehjbzMAjFp5/VKPp5tTpWIV4JHHZK1/BxbFRtf/siA2SWTe09caDmVtYYzWEIbBS4zw==",
			"dev": true,
			"requires": {
				"function-bind": "1.1.1"
			}
		},
		"has-flag": {
			"version": "3.0.0",
			"resolved": "https://registry.npmjs.org/has-flag/-/has-flag-3.0.0.tgz",
			"integrity": "sha1-tdRU3CGZriJWmfNGfloH87lVuv0=",
			"dev": true
		},
		"hast-util-is-element": {
			"version": "1.0.1",
			"resolved": "https://registry.npmjs.org/hast-util-is-element/-/hast-util-is-element-1.0.1.tgz",
			"integrity": "sha512-s/ggaNehYVqmLgTXEv12Lbb72bsOD2r5DhAqPgtDdaI/YFNXVzz0zHFVJnhjIjn7Nak8GbL4nzT2q0RA5div+A=="
		},
		"hast-util-whitespace": {
			"version": "1.0.1",
			"resolved": "https://registry.npmjs.org/hast-util-whitespace/-/hast-util-whitespace-1.0.1.tgz",
			"integrity": "sha512-Mfx2ZnmVMTAopZ8as42nKrNt650tCZYhy/MPeO1Imdg/cmCWK6GUSnFrrE3ezGjVifn7x5zMfu8jrjwIGyImSw=="
		},
		"html-void-elements": {
			"version": "1.0.3",
			"resolved": "https://registry.npmjs.org/html-void-elements/-/html-void-elements-1.0.3.tgz",
			"integrity": "sha512-SaGhCDPXJVNrQyKMtKy24q6IMdXg5FCPN3z+xizxw9l+oXQw5fOoaj/ERU5KqWhSYhXtW5bWthlDbTDLBhJQrA=="
		},
		"inflight": {
			"version": "1.0.6",
			"resolved": "https://registry.npmjs.org/inflight/-/inflight-1.0.6.tgz",
			"integrity": "sha1-Sb1jMdfQLQwJvJEKEHW6gWW1bfk=",
			"dev": true,
			"requires": {
				"once": "1.4.0",
				"wrappy": "1.0.2"
			}
		},
		"inherits": {
			"version": "2.0.3",
			"resolved": "https://registry.npmjs.org/inherits/-/inherits-2.0.3.tgz",
			"integrity": "sha1-Yzwsg+PaQqUC9SRmAiSA9CCCYd4=",
			"dev": true
		},
		"invariant": {
			"version": "2.2.4",
			"resolved": "https://registry.npmjs.org/invariant/-/invariant-2.2.4.tgz",
			"integrity": "sha512-phJfQVBuaJM5raOpJjSfkiD6BpbCE4Ns//LaXl6wGYtUBY83nWS6Rf9tXm2e8VaK60JEjYldbPif/A2B1C2gNA==",
			"dev": true,
			"requires": {
				"loose-envify": "1.4.0"
			}
		},
		"is-alphabetical": {
			"version": "1.0.2",
			"resolved": "https://registry.npmjs.org/is-alphabetical/-/is-alphabetical-1.0.2.tgz",
			"integrity": "sha512-V0xN4BYezDHcBSKb1QHUFMlR4as/XEuCZBzMJUU4n7+Cbt33SmUnSol+pnXFvLxSHNq2CemUXNdaXV6Flg7+xg=="
		},
		"is-alphanumerical": {
			"version": "1.0.2",
			"resolved": "https://registry.npmjs.org/is-alphanumerical/-/is-alphanumerical-1.0.2.tgz",
			"integrity": "sha512-pyfU/0kHdISIgslFfZN9nfY1Gk3MquQgUm1mJTjdkEPpkAKNWuBTSqFwewOpR7N351VkErCiyV71zX7mlQQqsg==",
			"requires": {
				"is-alphabetical": "1.0.2",
				"is-decimal": "1.0.2"
			}
		},
		"is-callable": {
			"version": "1.1.4",
			"resolved": "https://registry.npmjs.org/is-callable/-/is-callable-1.1.4.tgz",
			"integrity": "sha512-r5p9sxJjYnArLjObpjA4xu5EKI3CuKHkJXMhT7kwbpUyIFD1n5PMAsoPvWnvtZiNz7LjkYDRZhd7FlI0eMijEA==",
			"dev": true
		},
		"is-date-object": {
			"version": "1.0.1",
			"resolved": "https://registry.npmjs.org/is-date-object/-/is-date-object-1.0.1.tgz",
			"integrity": "sha1-mqIOtq7rv/d/vTPnTKAbM1gdOhY=",
			"dev": true
		},
		"is-decimal": {
			"version": "1.0.2",
			"resolved": "https://registry.npmjs.org/is-decimal/-/is-decimal-1.0.2.tgz",
			"integrity": "sha512-TRzl7mOCchnhchN+f3ICUCzYvL9ul7R+TYOsZ8xia++knyZAJfv/uA1FvQXsAnYIl1T3B2X5E/J7Wb1QXiIBXg=="
		},
		"is-hexadecimal": {
			"version": "1.0.2",
			"resolved": "https://registry.npmjs.org/is-hexadecimal/-/is-hexadecimal-1.0.2.tgz",
			"integrity": "sha512-but/G3sapV3MNyqiDBLrOi4x8uCIw0RY3o/Vb5GT0sMFHrVV7731wFSVy41T5FO1og7G0gXLJh0MkgPRouko/A=="
		},
		"is-regex": {
			"version": "1.0.4",
			"resolved": "https://registry.npmjs.org/is-regex/-/is-regex-1.0.4.tgz",
			"integrity": "sha1-VRdIm1RwkbCTDglWVM7SXul+lJE=",
			"dev": true,
			"requires": {
				"has": "1.0.3"
			}
		},
		"is-symbol": {
			"version": "1.0.1",
			"resolved": "https://registry.npmjs.org/is-symbol/-/is-symbol-1.0.1.tgz",
			"integrity": "sha1-PMWfAAJRlLarLjjbrmaJJWtmBXI=",
			"dev": true
		},
		"istanbul-lib-coverage": {
			"version": "2.0.1",
			"resolved": "https://registry.npmjs.org/istanbul-lib-coverage/-/istanbul-lib-coverage-2.0.1.tgz",
			"integrity": "sha512-nPvSZsVlbG9aLhZYaC3Oi1gT/tpyo3Yt5fNyf6NmcKIayz4VV/txxJFFKAK/gU4dcNn8ehsanBbVHVl0+amOLA==",
			"dev": true
		},
		"istanbul-lib-instrument": {
			"version": "2.3.2",
			"resolved": "https://registry.npmjs.org/istanbul-lib-instrument/-/istanbul-lib-instrument-2.3.2.tgz",
			"integrity": "sha512-l7TD/VnBsIB2OJvSyxaLW/ab1+92dxZNH9wLH7uHPPioy3JZ8tnx2UXUdKmdkgmP2EFPzg64CToUP6dAS3U32Q==",
			"dev": true,
			"requires": {
				"@babel/generator": "7.0.0-beta.51",
				"@babel/parser": "7.0.0-beta.51",
				"@babel/template": "7.0.0-beta.51",
				"@babel/traverse": "7.0.0-beta.51",
				"@babel/types": "7.0.0-beta.51",
				"istanbul-lib-coverage": "2.0.1",
				"semver": "5.5.1"
			}
		},
		"js-tokens": {
			"version": "3.0.2",
			"resolved": "https://registry.npmjs.org/js-tokens/-/js-tokens-3.0.2.tgz",
			"integrity": "sha1-mGbfOVECEw449/mWvOtlRDIJwls=",
			"dev": true
		},
		"jsesc": {
			"version": "2.5.1",
			"resolved": "https://registry.npmjs.org/jsesc/-/jsesc-2.5.1.tgz",
			"integrity": "sha1-5CGiqOINawgZ3yiQj3glJrlt0f4=",
			"dev": true
		},
		"lodash": {
			"version": "4.17.10",
			"resolved": "https://registry.npmjs.org/lodash/-/lodash-4.17.10.tgz",
			"integrity": "sha512-UejweD1pDoXu+AD825lWwp4ZGtSwgnpZxb3JDViD7StjQz+Nb/6l093lx4OQ0foGWNRoc19mWy7BzL+UAK2iVg==",
			"dev": true
		},
		"loose-envify": {
			"version": "1.4.0",
			"resolved": "https://registry.npmjs.org/loose-envify/-/loose-envify-1.4.0.tgz",
			"integrity": "sha512-lyuxPGr/Wfhrlem2CL/UcnUc1zcqKAImBDzukY7Y5F/yQiNdko6+fRLevlw1HgMySw7f611UIY408EtxRSoK3Q==",
			"dev": true,
			"requires": {
				"js-tokens": "3.0.2"
			}
		},
		"minimatch": {
			"version": "3.0.4",
			"resolved": "https://registry.npmjs.org/minimatch/-/minimatch-3.0.4.tgz",
			"integrity": "sha512-yJHVQEhyqPLUTgt9B83PXu6W3rx4MvvHvSUvToogpwoGDOUQ+yDrR0HRot+yOCdCO7u4hX3pWft6kWBBcqh0UA==",
			"dev": true,
			"requires": {
				"brace-expansion": "1.1.11"
			}
		},
		"minimist": {
			"version": "1.2.0",
			"resolved": "https://registry.npmjs.org/minimist/-/minimist-1.2.0.tgz",
			"integrity": "sha1-o1AIsg9BOD7sH7kU9M1d95omQoQ=",
			"dev": true
		},
		"ms": {
			"version": "2.0.0",
			"resolved": "https://registry.npmjs.org/ms/-/ms-2.0.0.tgz",
			"integrity": "sha1-VgiurfwAvmwpAd9fmGF4jeDVl8g=",
			"dev": true
		},
		"nyc": {
			"version": "13.0.1",
			"resolved": "https://registry.npmjs.org/nyc/-/nyc-13.0.1.tgz",
			"integrity": "sha512-Op/bjhEF74IMtzMmgYt+ModTeMHoPZzHe4qseUguPBwg5qC6r4rYMBt1L3yRXQIbjUpEqmn24/1xAC/umQGU7w==",
			"dev": true,
			"requires": {
				"archy": "1.0.0",
				"arrify": "1.0.1",
				"caching-transform": "2.0.0",
				"convert-source-map": "1.5.1",
				"debug-log": "1.0.1",
				"find-cache-dir": "2.0.0",
				"find-up": "3.0.0",
				"foreground-child": "1.5.6",
				"glob": "7.1.2",
				"istanbul-lib-coverage": "2.0.1",
				"istanbul-lib-hook": "2.0.1",
				"istanbul-lib-instrument": "2.3.2",
				"istanbul-lib-report": "2.0.1",
				"istanbul-lib-source-maps": "2.0.1",
				"istanbul-reports": "2.0.0",
				"make-dir": "1.3.0",
				"merge-source-map": "1.1.0",
				"resolve-from": "4.0.0",
				"rimraf": "2.6.2",
				"signal-exit": "3.0.2",
				"spawn-wrap": "1.4.2",
				"test-exclude": "5.0.0",
				"uuid": "3.3.2",
				"yargs": "11.1.0",
				"yargs-parser": "9.0.2"
			},
			"dependencies": {
				"align-text": {
					"version": "0.1.4",
					"bundled": true,
					"dev": true,
					"requires": {
						"kind-of": "3.2.2",
						"longest": "1.0.1",
						"repeat-string": "1.6.1"
					}
				},
				"amdefine": {
					"version": "1.0.1",
					"bundled": true,
					"dev": true
				},
				"ansi-regex": {
					"version": "3.0.0",
					"bundled": true,
					"dev": true
				},
				"append-transform": {
					"version": "1.0.0",
					"bundled": true,
					"dev": true,
					"requires": {
						"default-require-extensions": "2.0.0"
					}
				},
				"archy": {
					"version": "1.0.0",
					"bundled": true,
					"dev": true
				},
				"arrify": {
					"version": "1.0.1",
					"bundled": true,
					"dev": true
				},
				"async": {
					"version": "1.5.2",
					"bundled": true,
					"dev": true
				},
				"balanced-match": {
					"version": "1.0.0",
					"bundled": true,
					"dev": true
				},
				"brace-expansion": {
					"version": "1.1.11",
					"bundled": true,
					"dev": true,
					"requires": {
						"balanced-match": "1.0.0",
						"concat-map": "0.0.1"
					}
				},
				"builtin-modules": {
					"version": "1.1.1",
					"bundled": true,
					"dev": true
				},
				"caching-transform": {
					"version": "2.0.0",
					"bundled": true,
					"dev": true,
					"requires": {
						"make-dir": "1.3.0",
						"md5-hex": "2.0.0",
						"package-hash": "2.0.0",
						"write-file-atomic": "2.3.0"
					}
				},
				"camelcase": {
					"version": "1.2.1",
					"bundled": true,
					"dev": true,
					"optional": true
				},
				"center-align": {
					"version": "0.1.3",
					"bundled": true,
					"dev": true,
					"optional": true,
					"requires": {
						"align-text": "0.1.4",
						"lazy-cache": "1.0.4"
					}
				},
				"cliui": {
					"version": "2.1.0",
					"bundled": true,
					"dev": true,
					"optional": true,
					"requires": {
						"center-align": "0.1.3",
						"right-align": "0.1.3",
						"wordwrap": "0.0.2"
					},
					"dependencies": {
						"wordwrap": {
							"version": "0.0.2",
							"bundled": true,
							"dev": true,
							"optional": true
						}
					}
				},
				"code-point-at": {
					"version": "1.1.0",
					"bundled": true,
					"dev": true
				},
				"commondir": {
					"version": "1.0.1",
					"bundled": true,
					"dev": true
				},
				"concat-map": {
					"version": "0.0.1",
					"bundled": true,
					"dev": true
				},
				"convert-source-map": {
					"version": "1.5.1",
					"bundled": true,
					"dev": true
				},
				"cross-spawn": {
					"version": "4.0.2",
					"bundled": true,
					"dev": true,
					"requires": {
						"lru-cache": "4.1.3",
						"which": "1.3.1"
					}
				},
				"debug": {
					"version": "3.1.0",
					"bundled": true,
					"dev": true,
					"requires": {
						"ms": "2.0.0"
					}
				},
				"debug-log": {
					"version": "1.0.1",
					"bundled": true,
					"dev": true
				},
				"decamelize": {
					"version": "1.2.0",
					"bundled": true,
					"dev": true
				},
				"default-require-extensions": {
					"version": "2.0.0",
					"bundled": true,
					"dev": true,
					"requires": {
						"strip-bom": "3.0.0"
					}
				},
				"error-ex": {
					"version": "1.3.2",
					"bundled": true,
					"dev": true,
					"requires": {
						"is-arrayish": "0.2.1"
					}
				},
				"es6-error": {
					"version": "4.1.1",
					"bundled": true,
					"dev": true
				},
				"execa": {
					"version": "0.7.0",
					"bundled": true,
					"dev": true,
					"requires": {
						"cross-spawn": "5.1.0",
						"get-stream": "3.0.0",
						"is-stream": "1.1.0",
						"npm-run-path": "2.0.2",
						"p-finally": "1.0.0",
						"signal-exit": "3.0.2",
						"strip-eof": "1.0.0"
					},
					"dependencies": {
						"cross-spawn": {
							"version": "5.1.0",
							"bundled": true,
							"dev": true,
							"requires": {
								"lru-cache": "4.1.3",
								"shebang-command": "1.2.0",
								"which": "1.3.1"
							}
						}
					}
				},
				"find-cache-dir": {
					"version": "2.0.0",
					"bundled": true,
					"dev": true,
					"requires": {
						"commondir": "1.0.1",
						"make-dir": "1.3.0",
						"pkg-dir": "3.0.0"
					}
				},
				"find-up": {
					"version": "3.0.0",
					"bundled": true,
					"dev": true,
					"requires": {
						"locate-path": "3.0.0"
					}
				},
				"foreground-child": {
					"version": "1.5.6",
					"bundled": true,
					"dev": true,
					"requires": {
						"cross-spawn": "4.0.2",
						"signal-exit": "3.0.2"
					}
				},
				"fs.realpath": {
					"version": "1.0.0",
					"bundled": true,
					"dev": true
				},
				"get-caller-file": {
					"version": "1.0.3",
					"bundled": true,
					"dev": true
				},
				"get-stream": {
					"version": "3.0.0",
					"bundled": true,
					"dev": true
				},
				"glob": {
					"version": "7.1.2",
					"bundled": true,
					"dev": true,
					"requires": {
						"fs.realpath": "1.0.0",
						"inflight": "1.0.6",
						"inherits": "2.0.3",
						"minimatch": "3.0.4",
						"once": "1.4.0",
						"path-is-absolute": "1.0.1"
					}
				},
				"graceful-fs": {
					"version": "4.1.11",
					"bundled": true,
					"dev": true
				},
				"handlebars": {
					"version": "4.0.11",
					"bundled": true,
					"dev": true,
					"requires": {
						"async": "1.5.2",
						"optimist": "0.6.1",
						"source-map": "0.4.4",
						"uglify-js": "2.8.29"
					},
					"dependencies": {
						"source-map": {
							"version": "0.4.4",
							"bundled": true,
							"dev": true,
							"requires": {
								"amdefine": "1.0.1"
							}
						}
					}
				},
				"has-flag": {
					"version": "3.0.0",
					"bundled": true,
					"dev": true
				},
				"hosted-git-info": {
					"version": "2.7.1",
					"bundled": true,
					"dev": true
				},
				"imurmurhash": {
					"version": "0.1.4",
					"bundled": true,
					"dev": true
				},
				"inflight": {
					"version": "1.0.6",
					"bundled": true,
					"dev": true,
					"requires": {
						"once": "1.4.0",
						"wrappy": "1.0.2"
					}
				},
				"inherits": {
					"version": "2.0.3",
					"bundled": true,
					"dev": true
				},
				"invert-kv": {
					"version": "1.0.0",
					"bundled": true,
					"dev": true
				},
				"is-arrayish": {
					"version": "0.2.1",
					"bundled": true,
					"dev": true
				},
				"is-buffer": {
					"version": "1.1.6",
					"bundled": true,
					"dev": true
				},
				"is-builtin-module": {
					"version": "1.0.0",
					"bundled": true,
					"dev": true,
					"requires": {
						"builtin-modules": "1.1.1"
					}
				},
				"is-fullwidth-code-point": {
					"version": "2.0.0",
					"bundled": true,
					"dev": true
				},
				"is-stream": {
					"version": "1.1.0",
					"bundled": true,
					"dev": true
				},
				"isexe": {
					"version": "2.0.0",
					"bundled": true,
					"dev": true
				},
				"istanbul-lib-coverage": {
					"version": "2.0.1",
					"bundled": true,
					"dev": true
				},
				"istanbul-lib-hook": {
					"version": "2.0.1",
					"bundled": true,
					"dev": true,
					"requires": {
						"append-transform": "1.0.0"
					}
				},
				"istanbul-lib-report": {
					"version": "2.0.1",
					"bundled": true,
					"dev": true,
					"requires": {
						"istanbul-lib-coverage": "2.0.1",
						"make-dir": "1.3.0",
						"supports-color": "5.4.0"
					}
				},
				"istanbul-lib-source-maps": {
					"version": "2.0.1",
					"bundled": true,
					"dev": true,
					"requires": {
						"debug": "3.1.0",
						"istanbul-lib-coverage": "2.0.1",
						"make-dir": "1.3.0",
						"rimraf": "2.6.2",
						"source-map": "0.6.1"
					},
					"dependencies": {
						"source-map": {
							"version": "0.6.1",
							"bundled": true,
							"dev": true
						}
					}
				},
				"istanbul-reports": {
					"version": "2.0.0",
					"bundled": true,
					"dev": true,
					"requires": {
						"handlebars": "4.0.11"
					}
				},
				"json-parse-better-errors": {
					"version": "1.0.2",
					"bundled": true,
					"dev": true
				},
				"kind-of": {
					"version": "3.2.2",
					"bundled": true,
					"dev": true,
					"requires": {
						"is-buffer": "1.1.6"
					}
				},
				"lazy-cache": {
					"version": "1.0.4",
					"bundled": true,
					"dev": true,
					"optional": true
				},
				"lcid": {
					"version": "1.0.0",
					"bundled": true,
					"dev": true,
					"requires": {
						"invert-kv": "1.0.0"
					}
				},
				"load-json-file": {
					"version": "4.0.0",
					"bundled": true,
					"dev": true,
					"requires": {
						"graceful-fs": "4.1.11",
						"parse-json": "4.0.0",
						"pify": "3.0.0",
						"strip-bom": "3.0.0"
					}
				},
				"locate-path": {
					"version": "3.0.0",
					"bundled": true,
					"dev": true,
					"requires": {
						"p-locate": "3.0.0",
						"path-exists": "3.0.0"
					}
				},
				"lodash.flattendeep": {
					"version": "4.4.0",
					"bundled": true,
					"dev": true
				},
				"longest": {
					"version": "1.0.1",
					"bundled": true,
					"dev": true
				},
				"lru-cache": {
					"version": "4.1.3",
					"bundled": true,
					"dev": true,
					"requires": {
						"pseudomap": "1.0.2",
						"yallist": "2.1.2"
					}
				},
				"make-dir": {
					"version": "1.3.0",
					"bundled": true,
					"dev": true,
					"requires": {
						"pify": "3.0.0"
					}
				},
				"md5-hex": {
					"version": "2.0.0",
					"bundled": true,
					"dev": true,
					"requires": {
						"md5-o-matic": "0.1.1"
					}
				},
				"md5-o-matic": {
					"version": "0.1.1",
					"bundled": true,
					"dev": true
				},
				"mem": {
					"version": "1.1.0",
					"bundled": true,
					"dev": true,
					"requires": {
						"mimic-fn": "1.2.0"
					}
				},
				"merge-source-map": {
					"version": "1.1.0",
					"bundled": true,
					"dev": true,
					"requires": {
						"source-map": "0.6.1"
					},
					"dependencies": {
						"source-map": {
							"version": "0.6.1",
							"bundled": true,
							"dev": true
						}
					}
				},
				"mimic-fn": {
					"version": "1.2.0",
					"bundled": true,
					"dev": true
				},
				"minimatch": {
					"version": "3.0.4",
					"bundled": true,
					"dev": true,
					"requires": {
						"brace-expansion": "1.1.11"
					}
				},
				"minimist": {
					"version": "0.0.10",
					"bundled": true,
					"dev": true
				},
				"mkdirp": {
					"version": "0.5.1",
					"bundled": true,
					"dev": true,
					"requires": {
						"minimist": "0.0.8"
					},
					"dependencies": {
						"minimist": {
							"version": "0.0.8",
							"bundled": true,
							"dev": true
						}
					}
				},
				"ms": {
					"version": "2.0.0",
					"bundled": true,
					"dev": true
				},
				"normalize-package-data": {
					"version": "2.4.0",
					"bundled": true,
					"dev": true,
					"requires": {
						"hosted-git-info": "2.7.1",
						"is-builtin-module": "1.0.0",
						"semver": "5.5.0",
						"validate-npm-package-license": "3.0.3"
					}
				},
				"npm-run-path": {
					"version": "2.0.2",
					"bundled": true,
					"dev": true,
					"requires": {
						"path-key": "2.0.1"
					}
				},
				"number-is-nan": {
					"version": "1.0.1",
					"bundled": true,
					"dev": true
				},
				"once": {
					"version": "1.4.0",
					"bundled": true,
					"dev": true,
					"requires": {
						"wrappy": "1.0.2"
					}
				},
				"optimist": {
					"version": "0.6.1",
					"bundled": true,
					"dev": true,
					"requires": {
						"minimist": "0.0.10",
						"wordwrap": "0.0.3"
					}
				},
				"os-homedir": {
					"version": "1.0.2",
					"bundled": true,
					"dev": true
				},
				"os-locale": {
					"version": "2.1.0",
					"bundled": true,
					"dev": true,
					"requires": {
						"execa": "0.7.0",
						"lcid": "1.0.0",
						"mem": "1.1.0"
					}
				},
				"p-finally": {
					"version": "1.0.0",
					"bundled": true,
					"dev": true
				},
				"p-limit": {
					"version": "2.0.0",
					"bundled": true,
					"dev": true,
					"requires": {
						"p-try": "2.0.0"
					}
				},
				"p-locate": {
					"version": "3.0.0",
					"bundled": true,
					"dev": true,
					"requires": {
						"p-limit": "2.0.0"
					}
				},
				"p-try": {
					"version": "2.0.0",
					"bundled": true,
					"dev": true
				},
				"package-hash": {
					"version": "2.0.0",
					"bundled": true,
					"dev": true,
					"requires": {
						"graceful-fs": "4.1.11",
						"lodash.flattendeep": "4.4.0",
						"md5-hex": "2.0.0",
						"release-zalgo": "1.0.0"
					}
				},
				"parse-json": {
					"version": "4.0.0",
					"bundled": true,
					"dev": true,
					"requires": {
						"error-ex": "1.3.2",
						"json-parse-better-errors": "1.0.2"
					}
				},
				"path-exists": {
					"version": "3.0.0",
					"bundled": true,
					"dev": true
				},
				"path-is-absolute": {
					"version": "1.0.1",
					"bundled": true,
					"dev": true
				},
				"path-key": {
					"version": "2.0.1",
					"bundled": true,
					"dev": true
				},
				"path-type": {
					"version": "3.0.0",
					"bundled": true,
					"dev": true,
					"requires": {
						"pify": "3.0.0"
					}
				},
				"pify": {
					"version": "3.0.0",
					"bundled": true,
					"dev": true
				},
				"pkg-dir": {
					"version": "3.0.0",
					"bundled": true,
					"dev": true,
					"requires": {
						"find-up": "3.0.0"
					}
				},
				"pseudomap": {
					"version": "1.0.2",
					"bundled": true,
					"dev": true
				},
				"read-pkg": {
					"version": "3.0.0",
					"bundled": true,
					"dev": true,
					"requires": {
						"load-json-file": "4.0.0",
						"normalize-package-data": "2.4.0",
						"path-type": "3.0.0"
					}
				},
				"read-pkg-up": {
					"version": "4.0.0",
					"bundled": true,
					"dev": true,
					"requires": {
						"find-up": "3.0.0",
						"read-pkg": "3.0.0"
					}
				},
				"release-zalgo": {
					"version": "1.0.0",
					"bundled": true,
					"dev": true,
					"requires": {
						"es6-error": "4.1.1"
					}
				},
				"repeat-string": {
					"version": "1.6.1",
					"bundled": true,
					"dev": true
				},
				"require-directory": {
					"version": "2.1.1",
					"bundled": true,
					"dev": true
				},
				"require-main-filename": {
					"version": "1.0.1",
					"bundled": true,
					"dev": true
				},
				"resolve-from": {
					"version": "4.0.0",
					"bundled": true,
					"dev": true
				},
				"right-align": {
					"version": "0.1.3",
					"bundled": true,
					"dev": true,
					"optional": true,
					"requires": {
						"align-text": "0.1.4"
					}
				},
				"rimraf": {
					"version": "2.6.2",
					"bundled": true,
					"dev": true,
					"requires": {
						"glob": "7.1.2"
					}
				},
				"semver": {
					"version": "5.5.0",
					"bundled": true,
					"dev": true
				},
				"set-blocking": {
					"version": "2.0.0",
					"bundled": true,
					"dev": true
				},
				"shebang-command": {
					"version": "1.2.0",
					"bundled": true,
					"dev": true,
					"requires": {
						"shebang-regex": "1.0.0"
					}
				},
				"shebang-regex": {
					"version": "1.0.0",
					"bundled": true,
					"dev": true
				},
				"signal-exit": {
					"version": "3.0.2",
					"bundled": true,
					"dev": true
				},
				"source-map": {
					"version": "0.5.7",
					"bundled": true,
					"dev": true,
					"optional": true
				},
				"spawn-wrap": {
					"version": "1.4.2",
					"bundled": true,
					"dev": true,
					"requires": {
						"foreground-child": "1.5.6",
						"mkdirp": "0.5.1",
						"os-homedir": "1.0.2",
						"rimraf": "2.6.2",
						"signal-exit": "3.0.2",
						"which": "1.3.1"
					}
				},
				"spdx-correct": {
					"version": "3.0.0",
					"bundled": true,
					"dev": true,
					"requires": {
						"spdx-expression-parse": "3.0.0",
						"spdx-license-ids": "3.0.0"
					}
				},
				"spdx-exceptions": {
					"version": "2.1.0",
					"bundled": true,
					"dev": true
				},
				"spdx-expression-parse": {
					"version": "3.0.0",
					"bundled": true,
					"dev": true,
					"requires": {
						"spdx-exceptions": "2.1.0",
						"spdx-license-ids": "3.0.0"
					}
				},
				"spdx-license-ids": {
					"version": "3.0.0",
					"bundled": true,
					"dev": true
				},
				"string-width": {
					"version": "2.1.1",
					"bundled": true,
					"dev": true,
					"requires": {
						"is-fullwidth-code-point": "2.0.0",
						"strip-ansi": "4.0.0"
					}
				},
				"strip-ansi": {
					"version": "4.0.0",
					"bundled": true,
					"dev": true,
					"requires": {
						"ansi-regex": "3.0.0"
					}
				},
				"strip-bom": {
					"version": "3.0.0",
					"bundled": true,
					"dev": true
				},
				"strip-eof": {
					"version": "1.0.0",
					"bundled": true,
					"dev": true
				},
				"supports-color": {
					"version": "5.4.0",
					"bundled": true,
					"dev": true,
					"requires": {
						"has-flag": "3.0.0"
					}
				},
				"test-exclude": {
					"version": "5.0.0",
					"bundled": true,
					"dev": true,
					"requires": {
						"arrify": "1.0.1",
						"minimatch": "3.0.4",
						"read-pkg-up": "4.0.0",
						"require-main-filename": "1.0.1"
					}
				},
				"uglify-js": {
					"version": "2.8.29",
					"bundled": true,
					"dev": true,
					"optional": true,
					"requires": {
						"source-map": "0.5.7",
						"uglify-to-browserify": "1.0.2",
						"yargs": "3.10.0"
					},
					"dependencies": {
						"yargs": {
							"version": "3.10.0",
							"bundled": true,
							"dev": true,
							"optional": true,
							"requires": {
								"camelcase": "1.2.1",
								"cliui": "2.1.0",
								"decamelize": "1.2.0",
								"window-size": "0.1.0"
							}
						}
					}
				},
				"uglify-to-browserify": {
					"version": "1.0.2",
					"bundled": true,
					"dev": true,
					"optional": true
				},
				"uuid": {
					"version": "3.3.2",
					"bundled": true,
					"dev": true
				},
				"validate-npm-package-license": {
					"version": "3.0.3",
					"bundled": true,
					"dev": true,
					"requires": {
						"spdx-correct": "3.0.0",
						"spdx-expression-parse": "3.0.0"
					}
				},
				"which": {
					"version": "1.3.1",
					"bundled": true,
					"dev": true,
					"requires": {
						"isexe": "2.0.0"
					}
				},
				"which-module": {
					"version": "2.0.0",
					"bundled": true,
					"dev": true
				},
				"window-size": {
					"version": "0.1.0",
					"bundled": true,
					"dev": true,
					"optional": true
				},
				"wordwrap": {
					"version": "0.0.3",
					"bundled": true,
					"dev": true
				},
				"wrap-ansi": {
					"version": "2.1.0",
					"bundled": true,
					"dev": true,
					"requires": {
						"string-width": "1.0.2",
						"strip-ansi": "3.0.1"
					},
					"dependencies": {
						"ansi-regex": {
							"version": "2.1.1",
							"bundled": true,
							"dev": true
						},
						"is-fullwidth-code-point": {
							"version": "1.0.0",
							"bundled": true,
							"dev": true,
							"requires": {
								"number-is-nan": "1.0.1"
							}
						},
						"string-width": {
							"version": "1.0.2",
							"bundled": true,
							"dev": true,
							"requires": {
								"code-point-at": "1.1.0",
								"is-fullwidth-code-point": "1.0.0",
								"strip-ansi": "3.0.1"
							}
						},
						"strip-ansi": {
							"version": "3.0.1",
							"bundled": true,
							"dev": true,
							"requires": {
								"ansi-regex": "2.1.1"
							}
						}
					}
				},
				"wrappy": {
					"version": "1.0.2",
					"bundled": true,
					"dev": true
				},
				"write-file-atomic": {
					"version": "2.3.0",
					"bundled": true,
					"dev": true,
					"requires": {
						"graceful-fs": "4.1.11",
						"imurmurhash": "0.1.4",
						"signal-exit": "3.0.2"
					}
				},
				"y18n": {
					"version": "3.2.1",
					"bundled": true,
					"dev": true
				},
				"yallist": {
					"version": "2.1.2",
					"bundled": true,
					"dev": true
				},
				"yargs": {
					"version": "11.1.0",
					"bundled": true,
					"dev": true,
					"requires": {
						"cliui": "4.1.0",
						"decamelize": "1.2.0",
						"find-up": "2.1.0",
						"get-caller-file": "1.0.3",
						"os-locale": "2.1.0",
						"require-directory": "2.1.1",
						"require-main-filename": "1.0.1",
						"set-blocking": "2.0.0",
						"string-width": "2.1.1",
						"which-module": "2.0.0",
						"y18n": "3.2.1",
						"yargs-parser": "9.0.2"
					},
					"dependencies": {
						"cliui": {
							"version": "4.1.0",
							"bundled": true,
							"dev": true,
							"requires": {
								"string-width": "2.1.1",
								"strip-ansi": "4.0.0",
								"wrap-ansi": "2.1.0"
							}
						},
						"find-up": {
							"version": "2.1.0",
							"bundled": true,
							"dev": true,
							"requires": {
								"locate-path": "2.0.0"
							}
						},
						"locate-path": {
							"version": "2.0.0",
							"bundled": true,
							"dev": true,
							"requires": {
								"p-locate": "2.0.0",
								"path-exists": "3.0.0"
							}
						},
						"p-limit": {
							"version": "1.3.0",
							"bundled": true,
							"dev": true,
							"requires": {
								"p-try": "1.0.0"
							}
						},
						"p-locate": {
							"version": "2.0.0",
							"bundled": true,
							"dev": true,
							"requires": {
								"p-limit": "1.3.0"
							}
						},
						"p-try": {
							"version": "1.0.0",
							"bundled": true,
							"dev": true
						}
					}
				},
				"yargs-parser": {
					"version": "9.0.2",
					"bundled": true,
					"dev": true,
					"requires": {
						"camelcase": "4.1.0"
					},
					"dependencies": {
						"camelcase": {
							"version": "4.1.0",
							"bundled": true,
							"dev": true
						}
					}
				}
			}
		},
		"object-assign": {
			"version": "4.1.1",
			"resolved": "https://registry.npmjs.org/object-assign/-/object-assign-4.1.1.tgz",
			"integrity": "sha1-IQmtx5ZYh8/AXLvUQsrIv7s2CGM=",
			"dev": true
		},
		"object-inspect": {
			"version": "1.6.0",
			"resolved": "https://registry.npmjs.org/object-inspect/-/object-inspect-1.6.0.tgz",
			"integrity": "sha512-GJzfBZ6DgDAmnuaM3104jR4s1Myxr3Y3zfIyN4z3UdqN69oSRacNK8UhnobDdC+7J2AHCjGwxQubNJfE70SXXQ==",
			"dev": true
		},
		"object-keys": {
			"version": "1.0.12",
			"resolved": "https://registry.npmjs.org/object-keys/-/object-keys-1.0.12.tgz",
			"integrity": "sha512-FTMyFUm2wBcGHnH2eXmz7tC6IwlqQZ6mVZ+6dm6vZ4IQIHjs6FdNsQBuKGPuUUUY6NfJw2PshC08Tn6LzLDOag==",
			"dev": true
		},
		"once": {
			"version": "1.4.0",
			"resolved": "https://registry.npmjs.org/once/-/once-1.4.0.tgz",
			"integrity": "sha1-WDsap3WWHUsROsF9nFC6753Xa9E=",
			"dev": true,
			"requires": {
				"wrappy": "1.0.2"
			}
		},
		"path-is-absolute": {
			"version": "1.0.1",
			"resolved": "https://registry.npmjs.org/path-is-absolute/-/path-is-absolute-1.0.1.tgz",
			"integrity": "sha1-F0uSaHNVNP+8es5r9TpanhtcX18=",
			"dev": true
		},
		"path-parse": {
			"version": "1.0.5",
			"resolved": "https://registry.npmjs.org/path-parse/-/path-parse-1.0.5.tgz",
			"integrity": "sha1-PBrfhx6pzWyUMbbqK9dKD/BVxME=",
			"dev": true
		},
		"property-information": {
			"version": "4.2.0",
			"resolved": "https://registry.npmjs.org/property-information/-/property-information-4.2.0.tgz",
			"integrity": "sha512-TlgDPagHh+eBKOnH2VYvk8qbwsCG/TAJdmTL7f1PROUcSO8qt/KSmShEQ/OKvock8X9tFjtqjCScyOkkkvIKVQ==",
			"requires": {
				"xtend": "4.0.1"
			}
		},
		"resolve": {
			"version": "1.7.1",
			"resolved": "https://registry.npmjs.org/resolve/-/resolve-1.7.1.tgz",
			"integrity": "sha512-c7rwLofp8g1U+h1KNyHL/jicrKg1Ek4q+Lr33AL65uZTinUZHe30D5HlyN5V9NW0JX1D5dXQ4jqW5l7Sy/kGfw==",
			"dev": true,
			"requires": {
				"path-parse": "1.0.5"
			}
		},
		"resumer": {
			"version": "0.0.0",
			"resolved": "https://registry.npmjs.org/resumer/-/resumer-0.0.0.tgz",
			"integrity": "sha1-8ej0YeQGS6Oegq883CqMiT0HZ1k=",
			"dev": true,
			"requires": {
				"through": "2.3.8"
			}
		},
		"semver": {
			"version": "5.5.1",
			"resolved": "https://registry.npmjs.org/semver/-/semver-5.5.1.tgz",
			"integrity": "sha512-PqpAxfrEhlSUWge8dwIp4tZnQ25DIOthpiaHNIthsjEFQD6EvqUKUDM7L8O2rShkFccYo1VjJR0coWfNkCubRw==",
			"dev": true
		},
		"source-map": {
			"version": "0.5.7",
			"resolved": "https://registry.npmjs.org/source-map/-/source-map-0.5.7.tgz",
			"integrity": "sha1-igOdLRAh0i0eoUyA2OpGi6LvP8w=",
			"dev": true
		},
		"space-separated-tokens": {
			"version": "1.1.2",
			"resolved": "https://registry.npmjs.org/space-separated-tokens/-/space-separated-tokens-1.1.2.tgz",
			"integrity": "sha512-G3jprCEw+xFEs0ORweLmblJ3XLymGGr6hxZYTYZjIlvDti9vOBUjRQa1Rzjt012aRrocKstHwdNi+F7HguPsEA==",
			"requires": {
				"trim": "0.0.1"
			}
		},
		"string.prototype.trim": {
			"version": "1.1.2",
			"resolved": "https://registry.npmjs.org/string.prototype.trim/-/string.prototype.trim-1.1.2.tgz",
			"integrity": "sha1-0E3iyJ4Tf019IG8Ia17S+ua+jOo=",
			"dev": true,
			"requires": {
				"define-properties": "1.1.2",
				"es-abstract": "1.12.0",
				"function-bind": "1.1.1"
			}
		},
		"stringify-entities": {
			"version": "1.3.2",
			"resolved": "https://registry.npmjs.org/stringify-entities/-/stringify-entities-1.3.2.tgz",
			"integrity": "sha512-nrBAQClJAPN2p+uGCVJRPIPakKeKWZ9GtBCmormE7pWOSlHat7+x5A8gx85M7HM5Dt0BP3pP5RhVW77WdbJJ3A==",
			"requires": {
				"character-entities-html4": "1.1.2",
				"character-entities-legacy": "1.1.2",
				"is-alphanumerical": "1.0.2",
				"is-hexadecimal": "1.0.2"
			}
		},
		"supports-color": {
			"version": "5.5.0",
			"resolved": "https://registry.npmjs.org/supports-color/-/supports-color-5.5.0.tgz",
			"integrity": "sha512-QjVjwdXIt408MIiAqCX4oUKsgU2EqAGzs2Ppkm4aQYbjm+ZEWEcW4SfFNTr4uMNZma0ey4f5lgLrkB0aX0QMow==",
			"dev": true,
			"requires": {
				"has-flag": "3.0.0"
			}
		},
		"tape": {
			"version": "4.9.1",
			"resolved": "https://registry.npmjs.org/tape/-/tape-4.9.1.tgz",
			"integrity": "sha512-6fKIXknLpoe/Jp4rzHKFPpJUHDHDqn8jus99IfPnHIjyz78HYlefTGD3b5EkbQzuLfaEvmfPK3IolLgq2xT3kw==",
			"dev": true,
			"requires": {
				"deep-equal": "1.0.1",
				"defined": "1.0.0",
				"for-each": "0.3.3",
				"function-bind": "1.1.1",
				"glob": "7.1.2",
				"has": "1.0.3",
				"inherits": "2.0.3",
				"minimist": "1.2.0",
				"object-inspect": "1.6.0",
				"resolve": "1.7.1",
				"resumer": "0.0.0",
				"string.prototype.trim": "1.1.2",
				"through": "2.3.8"
			}
		},
		"through": {
			"version": "2.3.8",
			"resolved": "https://registry.npmjs.org/through/-/through-2.3.8.tgz",
			"integrity": "sha1-DdTJ/6q8NXlgsbckEV1+Doai4fU=",
			"dev": true
		},
		"to-fast-properties": {
			"version": "2.0.0",
			"resolved": "https://registry.npmjs.org/to-fast-properties/-/to-fast-properties-2.0.0.tgz",
			"integrity": "sha1-3F5pjL0HkmW8c+A3doGk5Og/YW4=",
			"dev": true
		},
		"trim": {
			"version": "0.0.1",
			"resolved": "https://registry.npmjs.org/trim/-/trim-0.0.1.tgz",
			"integrity": "sha1-WFhUf2spB1fulczMZm+1AITEYN0="
		},
		"trim-right": {
			"version": "1.0.1",
			"resolved": "https://registry.npmjs.org/trim-right/-/trim-right-1.0.1.tgz",
			"integrity": "sha1-yy4SAwZ+DI3h9hQJS5/kVwTqYAM=",
			"dev": true
		},
		"unist-builder": {
			"version": "1.0.3",
			"resolved": "https://registry.npmjs.org/unist-builder/-/unist-builder-1.0.3.tgz",
			"integrity": "sha512-/KB8GEaoeHRyIqClL+Kam+Y5NWJ6yEiPsAfv1M+O1p+aKGgjR89WwoEHKTyOj17L6kAlqtKpAgv2nWvdbQDEig==",
			"dev": true,
			"requires": {
				"object-assign": "4.1.1"
			}
		},
		"unist-util-is": {
			"version": "2.1.2",
			"resolved": "https://registry.npmjs.org/unist-util-is/-/unist-util-is-2.1.2.tgz",
			"integrity": "sha512-YkXBK/H9raAmG7KXck+UUpnKiNmUdB+aBGrknfQ4EreE1banuzrKABx3jP6Z5Z3fMSPMQQmeXBlKpCbMwBkxVw=="
		},
		"wrappy": {
			"version": "1.0.2",
			"resolved": "https://registry.npmjs.org/wrappy/-/wrappy-1.0.2.tgz",
			"integrity": "sha1-tSQ9jz7BqjXxNkYFvA0QNuMKtp8=",
			"dev": true
		},
		"xtend": {
			"version": "4.0.1",
			"resolved": "https://registry.npmjs.org/xtend/-/xtend-4.0.1.tgz",
			"integrity": "sha1-pcbVMr5lbiPbgg77lDofBJmNY68="
		}
	}
}
