{
	"name": "@starptech/prettyhtml-rehype-parse",
	"version": "0.0.46",
	"lockfileVersion": 1,
	"requires": true,
	"dependencies": {
		"@starptech/prettyhtml-hast-util-from-parse": {
			"version": "0.0.46",
			"resolved": "https://npm.igusdev.igus.de:443/@starptech%2fprettyhtml-hast-util-from-parse/-/prettyhtml-hast-util-from-parse-0.0.46.tgz",
			"integrity": "sha512-OMhVZuKXkL/9dT7dGRVMDqf/ybbDEke3DJVmyyXN0g1M5QWNcBH57nFM5rNbf0tb6QfNq/8pkIb1Y2kYLeX6xQ==",
			"requires": {
				"@starptech/prettyhtml-hastscript": "0.0.46",
				"ccount": "1.0.3",
				"property-information": "4.2.0",
				"web-namespaces": "1.1.2",
				"xtend": "4.0.1"
			}
		},
		"@starptech/prettyhtml-hastscript": {
			"version": "0.0.46",
			"resolved": "https://npm.igusdev.igus.de:443/@starptech%2fprettyhtml-hastscript/-/prettyhtml-hastscript-0.0.46.tgz",
			"integrity": "sha512-JeVVC3m+ldv4NkvPhwytjJP2KohzWSjQqrDWJlbaQGks928oxCvDXVYzaMVaCzFeG1bkqCR/v6eNT/dWUq4zYQ==",
			"requires": {
				"comma-separated-tokens": "1.0.5",
				"hast-util-parse-selector": "2.2.0",
				"property-information": "4.2.0",
				"space-separated-tokens": "1.1.2"
			}
		},
		"@starptech/prettyhtml-parse": {
			"version": "0.0.20",
			"resolved": "https://registry.npmjs.org/@starptech/prettyhtml-parse/-/prettyhtml-parse-0.0.20.tgz",
			"integrity": "sha512-qFacIIwKXe5p8UJGeyklkzbM1txHxe4K0ql++ezNI90gkRHaXclsokVLfHDX9Z7psgVhXcKVX2O4ZPOXj5+1jg=="
		},
		"ccount": {
			"version": "1.0.3",
			"resolved": "https://npm.igusdev.igus.de:443/ccount/-/ccount-1.0.3.tgz",
			"integrity": "sha512-Jt9tIBkRc9POUof7QA/VwWd+58fKkEEfI+/t1/eOlxKM7ZhrczNzMFefge7Ai+39y1pR/pP6cI19guHy3FSLmw=="
		},
		"comma-separated-tokens": {
			"version": "1.0.5",
			"resolved": "https://npm.igusdev.igus.de:443/comma-separated-tokens/-/comma-separated-tokens-1.0.5.tgz",
			"integrity": "sha512-Cg90/fcK93n0ecgYTAz1jaA3zvnQ0ExlmKY1rdbyHqAx6BHxwoJc+J7HDu0iuQ7ixEs1qaa+WyQ6oeuBpYP1iA==",
			"requires": {
				"trim": "0.0.1"
			}
		},
		"hast-util-parse-selector": {
			"version": "2.2.0",
			"resolved": "https://npm.igusdev.igus.de:443/hast-util-parse-selector/-/hast-util-parse-selector-2.2.0.tgz",
			"integrity": "sha512-trw0pqZN7+sH9k7hPWCJNZUbWW2KroSIM/XpIy3G5ZMtx9LSabCyoSp4skJZ4q/eZ5UOBPtvWh4W9c+RE3HRoQ=="
		},
		"property-information": {
			"version": "4.2.0",
			"resolved": "https://npm.igusdev.igus.de:443/property-information/-/property-information-4.2.0.tgz",
			"integrity": "sha512-TlgDPagHh+eBKOnH2VYvk8qbwsCG/TAJdmTL7f1PROUcSO8qt/KSmShEQ/OKvock8X9tFjtqjCScyOkkkvIKVQ==",
			"requires": {
				"xtend": "4.0.1"
			}
		},
		"space-separated-tokens": {
			"version": "1.1.2",
			"resolved": "https://npm.igusdev.igus.de:443/space-separated-tokens/-/space-separated-tokens-1.1.2.tgz",
			"integrity": "sha512-G3jprCEw+xFEs0ORweLmblJ3XLymGGr6hxZYTYZjIlvDti9vOBUjRQa1Rzjt012aRrocKstHwdNi+F7HguPsEA==",
			"requires": {
				"trim": "0.0.1"
			}
		},
		"trim": {
			"version": "0.0.1",
			"resolved": "https://npm.igusdev.igus.de:443/trim/-/trim-0.0.1.tgz",
			"integrity": "sha1-WFhUf2spB1fulczMZm+1AITEYN0="
		},
		"web-namespaces": {
			"version": "1.1.2",
			"resolved": "https://npm.igusdev.igus.de:443/web-namespaces/-/web-namespaces-1.1.2.tgz",
			"integrity": "sha512-II+n2ms4mPxK+RnIxRPOw3zwF2jRscdJIUE9BfkKHm4FYEg9+biIoTMnaZF5MpemE3T+VhMLrhbyD4ilkPCSbg=="
		},
		"xtend": {
			"version": "4.0.1",
			"resolved": "https://registry.npmjs.org/xtend/-/xtend-4.0.1.tgz",
			"integrity": "sha1-pcbVMr5lbiPbgg77lDofBJmNY68="
		}
	}
}
