{
	"requires": true,
	"lockfileVersion": 1,
	"dependencies": {
		"@starptech/prettyhtml-parse": {
			"version": "0.0.17",
			"resolved": "https://registry.npmjs.org/@starptech/prettyhtml-parse/-/prettyhtml-parse-0.0.17.tgz",
			"integrity": "sha512-JupNq9YYYQL95PiYA+Wf9EpsrlIKcmv7H6RSmYk+1/ogmU4Eyf2d3uJtv2eEbV0KROuofKBrKhyRZHiX4scKiQ=="
		},
		"xtend": {
			"version": "4.0.1",
			"resolved": "https://registry.npmjs.org/xtend/-/xtend-4.0.1.tgz",
			"integrity": "sha1-pcbVMr5lbiPbgg77lDofBJmNY68="
		}
	}
}
