{
	"name": "@starptech/prettyhtml-rehype-parse",
	"version": "0.0.11",
	"lockfileVersion": 1,
	"requires": true,
	"dependencies": {
		"@starptech/prettyhtml-hast-util-from-parse": {
			"version": "0.0.11",
			"resolved": "https://registry.npmjs.org/@starptech/prettyhtml-hast-util-from-parse/-/prettyhtml-hast-util-from-parse-0.0.11.tgz",
			"integrity": "sha512-/n2nCjNvTT+qJKSwA1zmffaw6YVutb8iJ6cK5TYq+pO1AcMhrsmvdqHv1xDSJ9SEilJSH1elhAXa4Oe6Uj+CNA==",
			"requires": {
				"@starptech/prettyhtml-hastscript": "0.0.10",
				"ccount": "1.0.3",
				"property-information": "3.2.0",
				"xtend": "4.0.1"
			},
			"dependencies": {
				"@starptech/prettyhtml-hastscript": {
					"version": "0.0.10",
					"resolved": "https://registry.npmjs.org/@starptech/prettyhtml-hastscript/-/prettyhtml-hastscript-0.0.10.tgz",
					"integrity": "sha512-qFwmSykqudOggJRiA7J5TPQBpksMI+hKsoeFEplHM038YvMH/wY9X7GvMUQXnLhiPf0kj+fRp5LT2+x3/YgIHg==",
					"requires": {
						"comma-separated-tokens": "1.0.5",
						"hast-util-parse-selector": "2.1.1",
						"property-information": "3.2.0",
						"space-separated-tokens": "1.1.2"
					}
				}
			}
		},
		"@starptech/prettyhtml-parse": {
			"version": "0.0.12",
			"resolved": "https://registry.npmjs.org/@starptech/prettyhtml-parse/-/prettyhtml-parse-0.0.12.tgz",
			"integrity": "sha512-2yomwaLi6ei1UJ16A+EdrUrudjU36xKMXRE7OzrGAOpQUzOpFFcPbb3IpDDA908JRnxst6qn7LlItUQyA958CA=="
		},
		"ccount": {
			"version": "1.0.3",
			"resolved": "https://registry.npmjs.org/ccount/-/ccount-1.0.3.tgz",
			"integrity": "sha512-Jt9tIBkRc9POUof7QA/VwWd+58fKkEEfI+/t1/eOlxKM7ZhrczNzMFefge7Ai+39y1pR/pP6cI19guHy3FSLmw=="
		},
		"comma-separated-tokens": {
			"version": "1.0.5",
			"resolved": "https://registry.npmjs.org/comma-separated-tokens/-/comma-separated-tokens-1.0.5.tgz",
			"integrity": "sha512-Cg90/fcK93n0ecgYTAz1jaA3zvnQ0ExlmKY1rdbyHqAx6BHxwoJc+J7HDu0iuQ7ixEs1qaa+WyQ6oeuBpYP1iA==",
			"requires": {
				"trim": "0.0.1"
			}
		},
		"hast-util-parse-selector": {
			"version": "2.1.1",
			"resolved": "https://registry.npmjs.org/hast-util-parse-selector/-/hast-util-parse-selector-2.1.1.tgz",
			"integrity": "sha512-FlrdvixBzVHYSqtvGAl0wjH1hiCY5NEfs+zfFNAZNWKMVj4pH6x+uPPyrhvzU3NrwOqYVX6Essv4d5n+0b6faA=="
		},
		"property-information": {
			"version": "3.2.0",
			"resolved": "https://registry.npmjs.org/property-information/-/property-information-3.2.0.tgz",
			"integrity": "sha1-/RSDyPusYYCPX+NZ52k6H0ilgzE="
		},
		"space-separated-tokens": {
			"version": "1.1.2",
			"resolved": "https://registry.npmjs.org/space-separated-tokens/-/space-separated-tokens-1.1.2.tgz",
			"integrity": "sha512-G3jprCEw+xFEs0ORweLmblJ3XLymGGr6hxZYTYZjIlvDti9vOBUjRQa1Rzjt012aRrocKstHwdNi+F7HguPsEA==",
			"requires": {
				"trim": "0.0.1"
			}
		},
		"trim": {
			"version": "0.0.1",
			"resolved": "https://registry.npmjs.org/trim/-/trim-0.0.1.tgz",
			"integrity": "sha1-WFhUf2spB1fulczMZm+1AITEYN0="
		},
		"xtend": {
			"version": "4.0.1",
			"resolved": "https://registry.npmjs.org/xtend/-/xtend-4.0.1.tgz",
			"integrity": "sha1-pcbVMr5lbiPbgg77lDofBJmNY68="
		}
	}
}
